
Microsoft Visual Studio Solution File, Format Version 12.00
# Visual Studio Version 17
VisualStudioVersion = 17.0.31903.59
MinimumVisualStudioVersion = 10.0.40219.1
Project("{FAE04EC0-301F-11D3-BF4B-00C04F79EFBC}") = "BooksAPI.AppHost", "BooksAPI.AppHost\BooksAPI.AppHost.csproj", "{4614C910-C2E5-4569-AFD8-57D3487F850B}"
EndProject
Project("{FAE04EC0-301F-11D3-BF4B-00C04F79EFBC}") = "BooksAPI.ServiceDefaults", "BooksAPI.ServiceDefaults\BooksAPI.ServiceDefaults.csproj", "{028AC5FA-2B9F-4CA9-9E4E-78E59D97C970}"
EndProject
Project("{FAE04EC0-301F-11D3-BF4B-00C04F79EFBC}") = "Books", "BooksAPI\Books.csproj", "{B163176B-B85E-434B-A79A-17BEECDA815F}"
EndProject
Project("{FAE04EC0-301F-11D3-BF4B-00C04F79EFBC}") = "InventoryService", "InventoryService\InventoryService.csproj", "{386CF01B-2F4C-4934-A255-7038C012285E}"
EndProject
Global
	GlobalSection(SolutionConfigurationPlatforms) = preSolution
		Debug|Any CPU = Debug|Any CPU
		Release|Any CPU = Release|Any CPU
	EndGlobalSection
	GlobalSection(SolutionProperties) = preSolution
		HideSolutionNode = FALSE
	EndGlobalSection
	GlobalSection(ProjectConfigurationPlatforms) = postSolution
		{4614C910-C2E5-4569-AFD8-57D3487F850B}.Debug|Any CPU.ActiveCfg = Debug|Any CPU
		{4614C910-C2E5-4569-AFD8-57D3487F850B}.Debug|Any CPU.Build.0 = Debug|Any CPU
		{4614C910-C2E5-4569-AFD8-57D3487F850B}.Release|Any CPU.ActiveCfg = Release|Any CPU
		{4614C910-C2E5-4569-AFD8-57D3487F850B}.Release|Any CPU.Build.0 = Release|Any CPU
		{028AC5FA-2B9F-4CA9-9E4E-78E59D97C970}.Debug|Any CPU.ActiveCfg = Debug|Any CPU
		{028AC5FA-2B9F-4CA9-9E4E-78E59D97C970}.Debug|Any CPU.Build.0 = Debug|Any CPU
		{028AC5FA-2B9F-4CA9-9E4E-78E59D97C970}.Release|Any CPU.ActiveCfg = Release|Any CPU
		{028AC5FA-2B9F-4CA9-9E4E-78E59D97C970}.Release|Any CPU.Build.0 = Release|Any CPU
		{B163176B-B85E-434B-A79A-17BEECDA815F}.Debug|Any CPU.ActiveCfg = Debug|Any CPU
		{B163176B-B85E-434B-A79A-17BEECDA815F}.Debug|Any CPU.Build.0 = Debug|Any CPU
		{B163176B-B85E-434B-A79A-17BEECDA815F}.Release|Any CPU.ActiveCfg = Release|Any CPU
		{B163176B-B85E-434B-A79A-17BEECDA815F}.Release|Any CPU.Build.0 = Release|Any CPU
		{386CF01B-2F4C-4934-A255-7038C012285E}.Debug|Any CPU.ActiveCfg = Debug|Any CPU
		{386CF01B-2F4C-4934-A255-7038C012285E}.Debug|Any CPU.Build.0 = Debug|Any CPU
		{386CF01B-2F4C-4934-A255-7038C012285E}.Release|Any CPU.ActiveCfg = Release|Any CPU
		{386CF01B-2F4C-4934-A255-7038C012285E}.Release|Any CPU.Build.0 = Release|Any CPU
	EndGlobalSection
EndGlobal
