
Microsoft Visual Studio Solution File, Format Version 12.00
# Visual Studio Version 17
VisualStudioVersion = 17.0.31903.59
MinimumVisualStudioVersion = 10.0.40219.1
Project("{FAE04EC0-301F-11D3-BF4B-00C04F79EFBC}") = "HttpLoggingAndSerilog", "HttpLoggingAndSerilog.csproj", "{12E3CA74-6EEC-46A4-B719-1A0988851CCD}"
EndProject
Global
	GlobalSection(SolutionConfigurationPlatforms) = preSolution
		Debug|Any CPU = Debug|Any CPU
		Release|Any CPU = Release|Any CPU
	EndGlobalSection
	GlobalSection(SolutionProperties) = preSolution
		HideSolutionNode = FALSE
	EndGlobalSection
	GlobalSection(ProjectConfigurationPlatforms) = postSolution
		{12E3CA74-6EEC-46A4-B719-1A0988851CCD}.Debug|Any CPU.ActiveCfg = Debug|Any CPU
		{12E3CA74-6EEC-46A4-B719-1A0988851CCD}.Debug|Any CPU.Build.0 = Debug|Any CPU
		{12E3CA74-6EEC-46A4-B719-1A0988851CCD}.Release|Any CPU.ActiveCfg = Release|Any CPU
		{12E3CA74-6EEC-46A4-B719-1A0988851CCD}.Release|Any CPU.Build.0 = Release|Any CPU
	EndGlobalSection
EndGlobal
