
Microsoft Visual Studio Solution File, Format Version 12.00
# Visual Studio Version 17
VisualStudioVersion = 17.0.31903.59
MinimumVisualStudioVersion = 10.0.40219.1
Project("{FAE04EC0-301F-11D3-BF4B-00C04F79EFBC}") = "chapter8", "BooksAPI\chapter8.csproj", "{A37D7757-49D2-4E3F-8030-B82E33C36CCC}"
EndProject
Global
	GlobalSection(SolutionConfigurationPlatforms) = preSolution
		Debug|Any CPU = Debug|Any CPU
		Release|Any CPU = Release|Any CPU
	EndGlobalSection
	GlobalSection(SolutionProperties) = preSolution
		HideSolutionNode = FALSE
	EndGlobalSection
	GlobalSection(ProjectConfigurationPlatforms) = postSolution
		{A37D7757-49D2-4E3F-8030-B82E33C36CCC}.Debug|Any CPU.ActiveCfg = Debug|Any CPU
		{A37D7757-49D2-4E3F-8030-B82E33C36CCC}.Debug|Any CPU.Build.0 = Debug|Any CPU
		{A37D7757-49D2-4E3F-8030-B82E33C36CCC}.Release|Any CPU.ActiveCfg = Release|Any CPU
		{A37D7757-49D2-4E3F-8030-B82E33C36CCC}.Release|Any CPU.Build.0 = Release|Any CPU
	EndGlobalSection
EndGlobal
