
Microsoft Visual Studio Solution File, Format Version 12.00
# Visual Studio Version 17
VisualStudioVersion = 17.0.31903.59
MinimumVisualStudioVersion = 10.0.40219.1
Project("{FAE04EC0-301F-11D3-BF4B-00C04F79EFBC}") = "HealthCheck", "HealthCheck.csproj", "{12CE1659-DD67-4D16-9701-1C1106F46352}"
EndProject
Global
	GlobalSection(SolutionConfigurationPlatforms) = preSolution
		Debug|Any CPU = Debug|Any CPU
		Release|Any CPU = Release|Any CPU
	EndGlobalSection
	GlobalSection(SolutionProperties) = preSolution
		HideSolutionNode = FALSE
	EndGlobalSection
	GlobalSection(ProjectConfigurationPlatforms) = postSolution
		{12CE1659-DD67-4D16-9701-1C1106F46352}.Debug|Any CPU.ActiveCfg = Debug|Any CPU
		{12CE1659-DD67-4D16-9701-1C1106F46352}.Debug|Any CPU.Build.0 = Debug|Any CPU
		{12CE1659-DD67-4D16-9701-1C1106F46352}.Release|Any CPU.ActiveCfg = Release|Any CPU
		{12CE1659-DD67-4D16-9701-1C1106F46352}.Release|Any CPU.Build.0 = Release|Any CPU
	EndGlobalSection
EndGlobal
