
Microsoft Visual Studio Solution File, Format Version 12.00
# Visual Studio Version 17
VisualStudioVersion = 17.0.31903.59
MinimumVisualStudioVersion = 10.0.40219.1
Project("{FAE04EC0-301F-11D3-BF4B-00C04F79EFBC}") = "signalRclient", "consoleClient\signalRclient.csproj", "{C60BD31D-B848-4747-8F45-690C67A41463}"
EndProject
Project("{FAE04EC0-301F-11D3-BF4B-00C04F79EFBC}") = "JWTNameIdentifier", "SignalRServer\JWTNameIdentifier.csproj", "{454B1760-DC67-450D-BCB1-E0F15D1774B5}"
EndProject
Global
	GlobalSection(SolutionConfigurationPlatforms) = preSolution
		Debug|Any CPU = Debug|Any CPU
		Release|Any CPU = Release|Any CPU
	EndGlobalSection
	GlobalSection(SolutionProperties) = preSolution
		HideSolutionNode = FALSE
	EndGlobalSection
	GlobalSection(ProjectConfigurationPlatforms) = postSolution
		{C60BD31D-B848-4747-8F45-690C67A41463}.Debug|Any CPU.ActiveCfg = Debug|Any CPU
		{C60BD31D-B848-4747-8F45-690C67A41463}.Debug|Any CPU.Build.0 = Debug|Any CPU
		{C60BD31D-B848-4747-8F45-690C67A41463}.Release|Any CPU.ActiveCfg = Release|Any CPU
		{C60BD31D-B848-4747-8F45-690C67A41463}.Release|Any CPU.Build.0 = Release|Any CPU
		{454B1760-DC67-450D-BCB1-E0F15D1774B5}.Debug|Any CPU.ActiveCfg = Debug|Any CPU
		{454B1760-DC67-450D-BCB1-E0F15D1774B5}.Debug|Any CPU.Build.0 = Debug|Any CPU
		{454B1760-DC67-450D-BCB1-E0F15D1774B5}.Release|Any CPU.ActiveCfg = Release|Any CPU
		{454B1760-DC67-450D-BCB1-E0F15D1774B5}.Release|Any CPU.Build.0 = Release|Any CPU
	EndGlobalSection
EndGlobal
