
Microsoft Visual Studio Solution File, Format Version 12.00
# Visual Studio Version 17
VisualStudioVersion = 17.0.31903.59
MinimumVisualStudioVersion = 10.0.40219.1
Project("{FAE04EC0-301F-11D3-BF4B-00C04F79EFBC}") = "chapter7", "BooksAPI\chapter7.csproj", "{F02540F2-D7A6-411F-9F7E-536B9160528D}"
EndProject
Project("{FAE04EC0-301F-11D3-BF4B-00C04F79EFBC}") = "Unit.Tests", "Unit.Tests\Unit.Tests.csproj", "{BB51E33F-345D-4C77-A8AB-04C34C838543}"
EndProject
Global
	GlobalSection(SolutionConfigurationPlatforms) = preSolution
		Debug|Any CPU = Debug|Any CPU
		Release|Any CPU = Release|Any CPU
	EndGlobalSection
	GlobalSection(SolutionProperties) = preSolution
		HideSolutionNode = FALSE
	EndGlobalSection
	GlobalSection(ProjectConfigurationPlatforms) = postSolution
		{F02540F2-D7A6-411F-9F7E-536B9160528D}.Debug|Any CPU.ActiveCfg = Debug|Any CPU
		{F02540F2-D7A6-411F-9F7E-536B9160528D}.Debug|Any CPU.Build.0 = Debug|Any CPU
		{F02540F2-D7A6-411F-9F7E-536B9160528D}.Release|Any CPU.ActiveCfg = Release|Any CPU
		{F02540F2-D7A6-411F-9F7E-536B9160528D}.Release|Any CPU.Build.0 = Release|Any CPU
		{BB51E33F-345D-4C77-A8AB-04C34C838543}.Debug|Any CPU.ActiveCfg = Debug|Any CPU
		{BB51E33F-345D-4C77-A8AB-04C34C838543}.Debug|Any CPU.Build.0 = Debug|Any CPU
		{BB51E33F-345D-4C77-A8AB-04C34C838543}.Release|Any CPU.ActiveCfg = Release|Any CPU
		{BB51E33F-345D-4C77-A8AB-04C34C838543}.Release|Any CPU.Build.0 = Release|Any CPU
	EndGlobalSection
EndGlobal
