
Microsoft Visual Studio Solution File, Format Version 12.00
# Visual Studio Version 17
VisualStudioVersion = 17.0.31903.59
MinimumVisualStudioVersion = 10.0.40219.1
Project("{FAE04EC0-301F-11D3-BF4B-00C04F79EFBC}") = "signalRclient", "consoleClient\signalRclient.csproj", "{ACE44978-6B6D-426F-B4CD-608F743DC6EE}"
EndProject
Project("{FAE04EC0-301F-11D3-BF4B-00C04F79EFBC}") = "HubInController", "SignalRServer\HubInController.csproj", "{BC32604D-74B9-4B34-AABD-CB560BB94FEE}"
EndProject
Global
	GlobalSection(SolutionConfigurationPlatforms) = preSolution
		Debug|Any CPU = Debug|Any CPU
		Release|Any CPU = Release|Any CPU
	EndGlobalSection
	GlobalSection(SolutionProperties) = preSolution
		HideSolutionNode = FALSE
	EndGlobalSection
	GlobalSection(ProjectConfigurationPlatforms) = postSolution
		{ACE44978-6B6D-426F-B4CD-608F743DC6EE}.Debug|Any CPU.ActiveCfg = Debug|Any CPU
		{ACE44978-6B6D-426F-B4CD-608F743DC6EE}.Debug|Any CPU.Build.0 = Debug|Any CPU
		{ACE44978-6B6D-426F-B4CD-608F743DC6EE}.Release|Any CPU.ActiveCfg = Release|Any CPU
		{ACE44978-6B6D-426F-B4CD-608F743DC6EE}.Release|Any CPU.Build.0 = Release|Any CPU
		{BC32604D-74B9-4B34-AABD-CB560BB94FEE}.Debug|Any CPU.ActiveCfg = Debug|Any CPU
		{BC32604D-74B9-4B34-AABD-CB560BB94FEE}.Debug|Any CPU.Build.0 = Debug|Any CPU
		{BC32604D-74B9-4B34-AABD-CB560BB94FEE}.Release|Any CPU.ActiveCfg = Release|Any CPU
		{BC32604D-74B9-4B34-AABD-CB560BB94FEE}.Release|Any CPU.Build.0 = Release|Any CPU
	EndGlobalSection
EndGlobal
