
Microsoft Visual Studio Solution File, Format Version 12.00
# Visual Studio Version 17
VisualStudioVersion = 17.0.31903.59
MinimumVisualStudioVersion = 10.0.40219.1
Project("{FAE04EC0-301F-11D3-BF4B-00C04F79EFBC}") = "AsiaPacific", "AsiaPacific\AsiaPacific.csproj", "{E8540DB7-0ED5-4A94-890A-DB64A3337E8D}"
EndProject
Project("{FAE04EC0-301F-11D3-BF4B-00C04F79EFBC}") = "Europe", "Europe\Europe.csproj", "{B4B06DE9-9F90-4AE1-8E95-D21A4EF0EB33}"
EndProject
Project("{FAE04EC0-301F-11D3-BF4B-00C04F79EFBC}") = "NorthAmerica", "NorthAmerica\NorthAmerica.csproj", "{84ABC089-754C-4577-B477-8C61A10896F3}"
EndProject
Project("{FAE04EC0-301F-11D3-BF4B-00C04F79EFBC}") = "yarpGateway", "yarpGateway\yarpGateway.csproj", "{A5A95B7E-0A93-48A6-8E17-2AE418CA3DB3}"
EndProject
Global
	GlobalSection(SolutionConfigurationPlatforms) = preSolution
		Debug|Any CPU = Debug|Any CPU
		Release|Any CPU = Release|Any CPU
	EndGlobalSection
	GlobalSection(SolutionProperties) = preSolution
		HideSolutionNode = FALSE
	EndGlobalSection
	GlobalSection(ProjectConfigurationPlatforms) = postSolution
		{E8540DB7-0ED5-4A94-890A-DB64A3337E8D}.Debug|Any CPU.ActiveCfg = Debug|Any CPU
		{E8540DB7-0ED5-4A94-890A-DB64A3337E8D}.Debug|Any CPU.Build.0 = Debug|Any CPU
		{E8540DB7-0ED5-4A94-890A-DB64A3337E8D}.Release|Any CPU.ActiveCfg = Release|Any CPU
		{E8540DB7-0ED5-4A94-890A-DB64A3337E8D}.Release|Any CPU.Build.0 = Release|Any CPU
		{B4B06DE9-9F90-4AE1-8E95-D21A4EF0EB33}.Debug|Any CPU.ActiveCfg = Debug|Any CPU
		{B4B06DE9-9F90-4AE1-8E95-D21A4EF0EB33}.Debug|Any CPU.Build.0 = Debug|Any CPU
		{B4B06DE9-9F90-4AE1-8E95-D21A4EF0EB33}.Release|Any CPU.ActiveCfg = Release|Any CPU
		{B4B06DE9-9F90-4AE1-8E95-D21A4EF0EB33}.Release|Any CPU.Build.0 = Release|Any CPU
		{84ABC089-754C-4577-B477-8C61A10896F3}.Debug|Any CPU.ActiveCfg = Debug|Any CPU
		{84ABC089-754C-4577-B477-8C61A10896F3}.Debug|Any CPU.Build.0 = Debug|Any CPU
		{84ABC089-754C-4577-B477-8C61A10896F3}.Release|Any CPU.ActiveCfg = Release|Any CPU
		{84ABC089-754C-4577-B477-8C61A10896F3}.Release|Any CPU.Build.0 = Release|Any CPU
		{A5A95B7E-0A93-48A6-8E17-2AE418CA3DB3}.Debug|Any CPU.ActiveCfg = Debug|Any CPU
		{A5A95B7E-0A93-48A6-8E17-2AE418CA3DB3}.Debug|Any CPU.Build.0 = Debug|Any CPU
		{A5A95B7E-0A93-48A6-8E17-2AE418CA3DB3}.Release|Any CPU.ActiveCfg = Release|Any CPU
		{A5A95B7E-0A93-48A6-8E17-2AE418CA3DB3}.Release|Any CPU.Build.0 = Release|Any CPU
	EndGlobalSection
EndGlobal
