
Microsoft Visual Studio Solution File, Format Version 12.00
# Visual Studio Version 17
VisualStudioVersion = 17.5.002.0
MinimumVisualStudioVersion = 10.0.40219.1
Project("{9A19103F-16F7-4668-BE54-9A1E7A4F7556}") = "chapter5", "chapter5.csproj", "{857C27F3-3908-43FE-912F-492993F6C399}"
EndProject
Global
	GlobalSection(SolutionConfigurationPlatforms) = preSolution
		Debug|Any CPU = Debug|Any CPU
		Release|Any CPU = Release|Any CPU
	EndGlobalSection
	GlobalSection(ProjectConfigurationPlatforms) = postSolution
		{857C27F3-3908-43FE-912F-492993F6C399}.Debug|Any CPU.ActiveCfg = Debug|Any CPU
		{857C27F3-3908-43FE-912F-492993F6C399}.Debug|Any CPU.Build.0 = Debug|Any CPU
		{857C27F3-3908-43FE-912F-492993F6C399}.Release|Any CPU.ActiveCfg = Release|Any CPU
		{857C27F3-3908-43FE-912F-492993F6C399}.Release|Any CPU.Build.0 = Release|Any CPU
	EndGlobalSection
	GlobalSection(SolutionProperties) = preSolution
		HideSolutionNode = FALSE
	EndGlobalSection
	GlobalSection(ExtensibilityGlobals) = postSolution
		SolutionGuid = {1AD28FB9-4863-4E76-B29A-6CF5DA07C344}
	EndGlobalSection
EndGlobal
